// !$*UTF8*$!
{
	archiveVersion = 1;
	classes = {
	};
	objectVersion = 56;
	objects = {

/* Begin PBXBuildFile section */
		257F6381297AAD7E00B8EEF6 /* AppDelegate.swift in Sources */ = {isa = PBXBuildFile; fileRef = 257F6380297AAD7E00B8EEF6 /* AppDelegate.swift */; };
		257F6383297AAD7E00B8EEF6 /* SceneDelegate.swift in Sources */ = {isa = PBXBuildFile; fileRef = 257F6382297AAD7E00B8EEF6 /* SceneDelegate.swift */; };
		257F6385297AAD7E00B8EEF6 /* CountriesViewController.swift in Sources */ = {isa = PBXBuildFile; fileRef = 257F6384297AAD7E00B8EEF6 /* CountriesViewController.swift */; };
		257F6388297AAD7E00B8EEF6 /* Countries.storyboard in Resources */ = {isa = PBXBuildFile; fileRef = 257F6386297AAD7E00B8EEF6 /* Countries.storyboard */; };
		257F638A297AAD8300B8EEF6 /* Assets.xcassets in Resources */ = {isa = PBXBuildFile; fileRef = 257F6389297AAD8300B8EEF6 /* Assets.xcassets */; };
		257F638D297AAD8300B8EEF6 /* LaunchScreen.storyboard in Resources */ = {isa = PBXBuildFile; fileRef = 257F638B297AAD8300B8EEF6 /* LaunchScreen.storyboard */; };
		257F639E297AB24A00B8EEF6 /* CountryTableViewCell.swift in Sources */ = {isa = PBXBuildFile; fileRef = 257F639C297AB24A00B8EEF6 /* CountryTableViewCell.swift */; };
		257F639F297AB24A00B8EEF6 /* CountryTableViewCell.xib in Resources */ = {isa = PBXBuildFile; fileRef = 257F639D297AB24A00B8EEF6 /* CountryTableViewCell.xib */; };
		257F63A1297AB28400B8EEF6 /* CountryDetailsViewController.swift in Sources */ = {isa = PBXBuildFile; fileRef = 257F63A0297AB28400B8EEF6 /* CountryDetailsViewController.swift */; };
		257F63A3297AB28F00B8EEF6 /* CountryDetails.storyboard in Resources */ = {isa = PBXBuildFile; fileRef = 257F63A2297AB28F00B8EEF6 /* CountryDetails.storyboard */; };
		257F63A8297AB48600B8EEF6 /* NetworkManager.swift in Sources */ = {isa = PBXBuildFile; fileRef = 257F63A7297AB48600B8EEF6 /* NetworkManager.swift */; };
		257F63AA297AB49F00B8EEF6 /* CountriesManager.swift in Sources */ = {isa = PBXBuildFile; fileRef = 257F63A9297AB49F00B8EEF6 /* CountriesManager.swift */; };
		257F63AD297AB4D700B8EEF6 /* Country.swift in Sources */ = {isa = PBXBuildFile; fileRef = 257F63AC297AB4D700B8EEF6 /* Country.swift */; };
/* End PBXBuildFile section */

/* Begin PBXFileReference section */
		257F637D297AAD7E00B8EEF6 /* Saxlshi CountriesAPi.app */ = {isa = PBXFileReference; explicitFileType = wrapper.application; includeInIndex = 0; path = "Saxlshi CountriesAPi.app"; sourceTree = BUILT_PRODUCTS_DIR; };
		257F6380297AAD7E00B8EEF6 /* AppDelegate.swift */ = {isa = PBXFileReference; lastKnownFileType = sourcecode.swift; path = AppDelegate.swift; sourceTree = "<group>"; };
		257F6382297AAD7E00B8EEF6 /* SceneDelegate.swift */ = {isa = PBXFileReference; lastKnownFileType = sourcecode.swift; path = SceneDelegate.swift; sourceTree = "<group>"; };
		257F6384297AAD7E00B8EEF6 /* CountriesViewController.swift */ = {isa = PBXFileReference; lastKnownFileType = sourcecode.swift; path = CountriesViewController.swift; sourceTree = "<group>"; };
		257F6387297AAD7E00B8EEF6 /* Base */ = {isa = PBXFileReference; lastKnownFileType = file.storyboard; name = Base; path = Base.lproj/Countries.storyboard; sourceTree = "<group>"; };
		257F6389297AAD8300B8EEF6 /* Assets.xcassets */ = {isa = PBXFileReference; lastKnownFileType = folder.assetcatalog; path = Assets.xcassets; sourceTree = "<group>"; };
		257F638C297AAD8300B8EEF6 /* Base */ = {isa = PBXFileReference; lastKnownFileType = file.storyboard; name = Base; path = Base.lproj/LaunchScreen.storyboard; sourceTree = "<group>"; };
		257F638E297AAD8300B8EEF6 /* Info.plist */ = {isa = PBXFileReference; lastKnownFileType = text.plist.xml; path = Info.plist; sourceTree = "<group>"; };
		257F639C297AB24A00B8EEF6 /* CountryTableViewCell.swift */ = {isa = PBXFileReference; lastKnownFileType = sourcecode.swift; path = CountryTableViewCell.swift; sourceTree = "<group>"; };
		257F639D297AB24A00B8EEF6 /* CountryTableViewCell.xib */ = {isa = PBXFileReference; lastKnownFileType = file.xib; path = CountryTableViewCell.xib; sourceTree = "<group>"; };
		257F63A0297AB28400B8EEF6 /* CountryDetailsViewController.swift */ = {isa = PBXFileReference; lastKnownFileType = sourcecode.swift; path = CountryDetailsViewController.swift; sourceTree = "<group>"; };
		257F63A2297AB28F00B8EEF6 /* CountryDetails.storyboard */ = {isa = PBXFileReference; lastKnownFileType = file.storyboard; path = CountryDetails.storyboard; sourceTree = "<group>"; };
		257F63A7297AB48600B8EEF6 /* NetworkManager.swift */ = {isa = PBXFileReference; lastKnownFileType = sourcecode.swift; path = NetworkManager.swift; sourceTree = "<group>"; };
		257F63A9297AB49F00B8EEF6 /* CountriesManager.swift */ = {isa = PBXFileReference; lastKnownFileType = sourcecode.swift; path = CountriesManager.swift; sourceTree = "<group>"; };
		257F63AC297AB4D700B8EEF6 /* Country.swift */ = {isa = PBXFileReference; lastKnownFileType = sourcecode.swift; path = Country.swift; sourceTree = "<group>"; };
/* End PBXFileReference section */

/* Begin PBXFrameworksBuildPhase section */
		257F637A297AAD7E00B8EEF6 /* Frameworks */ = {
			isa = PBXFrameworksBuildPhase;
			buildActionMask = 2147483647;
			files = (
			);
			runOnlyForDeploymentPostprocessing = 0;
		};
/* End PBXFrameworksBuildPhase section */

/* Begin PBXGroup section */
		257F6374297AAD7E00B8EEF6 = {
			isa = PBXGroup;
			children = (
				257F637F297AAD7E00B8EEF6 /* Saxlshi CountriesAPi */,
				257F637E297AAD7E00B8EEF6 /* Products */,
			);
			sourceTree = "<group>";
		};
		257F637E297AAD7E00B8EEF6 /* Products */ = {
			isa = PBXGroup;
			children = (
				257F637D297AAD7E00B8EEF6 /* Saxlshi CountriesAPi.app */,
			);
			name = Products;
			sourceTree = "<group>";
		};
		257F637F297AAD7E00B8EEF6 /* Saxlshi CountriesAPi */ = {
			isa = PBXGroup;
			children = (
				257F6394297AAE1D00B8EEF6 /* App */,
				257F63A4297AB2B500B8EEF6 /* Core */,
				257F6397297AAE4800B8EEF6 /* Scenes */,
				257F6395297AAE2400B8EEF6 /* Resources */,
				257F6396297AAE2C00B8EEF6 /* SupportingFiles */,
			);
			path = "Saxlshi CountriesAPi";
			sourceTree = "<group>";
		};
		257F6394297AAE1D00B8EEF6 /* App */ = {
			isa = PBXGroup;
			children = (
				257F6380297AAD7E00B8EEF6 /* AppDelegate.swift */,
				257F6382297AAD7E00B8EEF6 /* SceneDelegate.swift */,
			);
			path = App;
			sourceTree = "<group>";
		};
		257F6395297AAE2400B8EEF6 /* Resources */ = {
			isa = PBXGroup;
			children = (
				257F6389297AAD8300B8EEF6 /* Assets.xcassets */,
			);
			path = Resources;
			sourceTree = "<group>";
		};
		257F6396297AAE2C00B8EEF6 /* SupportingFiles */ = {
			isa = PBXGroup;
			children = (
				257F638E297AAD8300B8EEF6 /* Info.plist */,
			);
			path = SupportingFiles;
			sourceTree = "<group>";
		};
		257F6397297AAE4800B8EEF6 /* Scenes */ = {
			isa = PBXGroup;
			children = (
				257F6398297AAE5600B8EEF6 /* Launch */,
				257F6399297AAEA700B8EEF6 /* Countries */,
				257F639A297AB1E400B8EEF6 /* CountryDetails */,
			);
			path = Scenes;
			sourceTree = "<group>";
		};
		257F6398297AAE5600B8EEF6 /* Launch */ = {
			isa = PBXGroup;
			children = (
				257F638B297AAD8300B8EEF6 /* LaunchScreen.storyboard */,
			);
			path = Launch;
			sourceTree = "<group>";
		};
		257F6399297AAEA700B8EEF6 /* Countries */ = {
			isa = PBXGroup;
			children = (
				257F639B297AB21E00B8EEF6 /* CountryTableViewCell */,
				257F6384297AAD7E00B8EEF6 /* CountriesViewController.swift */,
				257F6386297AAD7E00B8EEF6 /* Countries.storyboard */,
			);
			path = Countries;
			sourceTree = "<group>";
		};
		257F639A297AB1E400B8EEF6 /* CountryDetails */ = {
			isa = PBXGroup;
			children = (
				257F63A0297AB28400B8EEF6 /* CountryDetailsViewController.swift */,
				257F63A2297AB28F00B8EEF6 /* CountryDetails.storyboard */,
			);
			path = CountryDetails;
			sourceTree = "<group>";
		};
		257F639B297AB21E00B8EEF6 /* CountryTableViewCell */ = {
			isa = PBXGroup;
			children = (
				257F639C297AB24A00B8EEF6 /* CountryTableViewCell.swift */,
				257F639D297AB24A00B8EEF6 /* CountryTableViewCell.xib */,
			);
			path = CountryTableViewCell;
			sourceTree = "<group>";
		};
		257F63A4297AB2B500B8EEF6 /* Core */ = {
			isa = PBXGroup;
			children = (
				257F63A5297AB34500B8EEF6 /* Network */,
			);
			path = Core;
			sourceTree = "<group>";
		};
		257F63A5297AB34500B8EEF6 /* Network */ = {
			isa = PBXGroup;
			children = (
				257F63A6297AB35700B8EEF6 /* Managers */,
				257F63AB297AB4BB00B8EEF6 /* Model */,
			);
			path = Network;
			sourceTree = "<group>";
		};
		257F63A6297AB35700B8EEF6 /* Managers */ = {
			isa = PBXGroup;
			children = (
				257F63A7297AB48600B8EEF6 /* NetworkManager.swift */,
				257F63A9297AB49F00B8EEF6 /* CountriesManager.swift */,
			);
			path = Managers;
			sourceTree = "<group>";
		};
		257F63AB297AB4BB00B8EEF6 /* Model */ = {
			isa = PBXGroup;
			children = (
				257F63AC297AB4D700B8EEF6 /* Country.swift */,
			);
			path = Model;
			sourceTree = "<group>";
		};
/* End PBXGroup section */

/* Begin PBXNativeTarget section */
		257F637C297AAD7E00B8EEF6 /* Saxlshi CountriesAPi */ = {
			isa = PBXNativeTarget;
			buildConfigurationList = 257F6391297AAD8300B8EEF6 /* Build configuration list for PBXNativeTarget "Saxlshi CountriesAPi" */;
			buildPhases = (
				257F6379297AAD7E00B8EEF6 /* Sources */,
				257F637A297AAD7E00B8EEF6 /* Frameworks */,
				257F637B297AAD7E00B8EEF6 /* Resources */,
			);
			buildRules = (
			);
			dependencies = (
			);
			name = "Saxlshi CountriesAPi";
			productName = "Saxlshi CountriesAPi";
			productReference = 257F637D297AAD7E00B8EEF6 /* Saxlshi CountriesAPi.app */;
			productType = "com.apple.product-type.application";
		};
/* End PBXNativeTarget section */

/* Begin PBXProject section */
		257F6375297AAD7E00B8EEF6 /* Project object */ = {
			isa = PBXProject;
			attributes = {
				BuildIndependentTargetsInParallel = 1;
				LastSwiftUpdateCheck = 1420;
				LastUpgradeCheck = 1420;
				TargetAttributes = {
					257F637C297AAD7E00B8EEF6 = {
						CreatedOnToolsVersion = 14.2;
					};
				};
			};
			buildConfigurationList = 257F6378297AAD7E00B8EEF6 /* Build configuration list for PBXProject "Saxlshi CountriesAPi" */;
			compatibilityVersion = "Xcode 14.0";
			developmentRegion = en;
			hasScannedForEncodings = 0;
			knownRegions = (
				en,
				Base,
			);
			mainGroup = 257F6374297AAD7E00B8EEF6;
			productRefGroup = 257F637E297AAD7E00B8EEF6 /* Products */;
			projectDirPath = "";
			projectRoot = "";
			targets = (
				257F637C297AAD7E00B8EEF6 /* Saxlshi CountriesAPi */,
			);
		};
/* End PBXProject section */

/* Begin PBXResourcesBuildPhase section */
		257F637B297AAD7E00B8EEF6 /* Resources */ = {
			isa = PBXResourcesBuildPhase;
			buildActionMask = 2147483647;
			files = (
				257F639F297AB24A00B8EEF6 /* CountryTableViewCell.xib in Resources */,
				257F63A3297AB28F00B8EEF6 /* CountryDetails.storyboard in Resources */,
				257F638D297AAD8300B8EEF6 /* LaunchScreen.storyboard in Resources */,
				257F638A297AAD8300B8EEF6 /* Assets.xcassets in Resources */,
				257F6388297AAD7E00B8EEF6 /* Countries.storyboard in Resources */,
			);
			runOnlyForDeploymentPostprocessing = 0;
		};
/* End PBXResourcesBuildPhase section */

/* Begin PBXSourcesBuildPhase section */
		257F6379297AAD7E00B8EEF6 /* Sources */ = {
			isa = PBXSourcesBuildPhase;
			buildActionMask = 2147483647;
			files = (
				257F63A8297AB48600B8EEF6 /* NetworkManager.swift in Sources */,
				257F639E297AB24A00B8EEF6 /* CountryTableViewCell.swift in Sources */,
				257F6385297AAD7E00B8EEF6 /* CountriesViewController.swift in Sources */,
				257F63AA297AB49F00B8EEF6 /* CountriesManager.swift in Sources */,
				257F63AD297AB4D700B8EEF6 /* Country.swift in Sources */,
				257F63A1297AB28400B8EEF6 /* CountryDetailsViewController.swift in Sources */,
				257F6381297AAD7E00B8EEF6 /* AppDelegate.swift in Sources */,
				257F6383297AAD7E00B8EEF6 /* SceneDelegate.swift in Sources */,
			);
			runOnlyForDeploymentPostprocessing = 0;
		};
/* End PBXSourcesBuildPhase section */

/* Begin PBXVariantGroup section */
		257F6386297AAD7E00B8EEF6 /* Countries.storyboard */ = {
			isa = PBXVariantGroup;
			children = (
				257F6387297AAD7E00B8EEF6 /* Base */,
			);
			name = Countries.storyboard;
			sourceTree = "<group>";
		};
		257F638B297AAD8300B8EEF6 /* LaunchScreen.storyboard */ = {
			isa = PBXVariantGroup;
			children = (
				257F638C297AAD8300B8EEF6 /* Base */,
			);
			name = LaunchScreen.storyboard;
			sourceTree = "<group>";
		};
/* End PBXVariantGroup section */

/* Begin XCBuildConfiguration section */
		257F638F297AAD8300B8EEF6 /* Debug */ = {
			isa = XCBuildConfiguration;
			buildSettings = {
				ALWAYS_SEARCH_USER_PATHS = NO;
				CLANG_ANALYZER_NONNULL = YES;
				CLANG_ANALYZER_NUMBER_OBJECT_CONVERSION = YES_AGGRESSIVE;
				CLANG_CXX_LANGUAGE_STANDARD = "gnu++20";
				CLANG_ENABLE_MODULES = YES;
				CLANG_ENABLE_OBJC_ARC = YES;
				CLANG_ENABLE_OBJC_WEAK = YES;
				CLANG_WARN_BLOCK_CAPTURE_AUTORELEASING = YES;
				CLANG_WARN_BOOL_CONVERSION = YES;
				CLANG_WARN_COMMA = YES;
				CLANG_WARN_CONSTANT_CONVERSION = YES;
				CLANG_WARN_DEPRECATED_OBJC_IMPLEMENTATIONS = YES;
				CLANG_WARN_DIRECT_OBJC_ISA_USAGE = YES_ERROR;
				CLANG_WARN_DOCUMENTATION_COMMENTS = YES;
				CLANG_WARN_EMPTY_BODY = YES;
				CLANG_WARN_ENUM_CONVERSION = YES;
				CLANG_WARN_INFINITE_RECURSION = YES;
				CLANG_WARN_INT_CONVERSION = YES;
				CLANG_WARN_NON_LITERAL_NULL_CONVERSION = YES;
				CLANG_WARN_OBJC_IMPLICIT_RETAIN_SELF = YES;
				CLANG_WARN_OBJC_LITERAL_CONVERSION = YES;
				CLANG_WARN_OBJC_ROOT_CLASS = YES_ERROR;
				CLANG_WARN_QUOTED_INCLUDE_IN_FRAMEWORK_HEADER = YES;
				CLANG_WARN_RANGE_LOOP_ANALYSIS = YES;
				CLANG_WARN_STRICT_PROTOTYPES = YES;
				CLANG_WARN_SUSPICIOUS_MOVE = YES;
				CLANG_WARN_UNGUARDED_AVAILABILITY = YES_AGGRESSIVE;
				CLANG_WARN_UNREACHABLE_CODE = YES;
				CLANG_WARN__DUPLICATE_METHOD_MATCH = YES;
				COPY_PHASE_STRIP = NO;
				DEBUG_INFORMATION_FORMAT = dwarf;
				ENABLE_STRICT_OBJC_MSGSEND = YES;
				ENABLE_TESTABILITY = YES;
				GCC_C_LANGUAGE_STANDARD = gnu11;
				GCC_DYNAMIC_NO_PIC = NO;
				GCC_NO_COMMON_BLOCKS = YES;
				GCC_OPTIMIZATION_LEVEL = 0;
				GCC_PREPROCESSOR_DEFINITIONS = (
					"DEBUG=1",
					"$(inherited)",
				);
				GCC_WARN_64_TO_32_BIT_CONVERSION = YES;
				GCC_WARN_ABOUT_RETURN_TYPE = YES_ERROR;
				GCC_WARN_UNDECLARED_SELECTOR = YES;
				GCC_WARN_UNINITIALIZED_AUTOS = YES_AGGRESSIVE;
				GCC_WARN_UNUSED_FUNCTION = YES;
				GCC_WARN_UNUSED_VARIABLE = YES;
				IPHONEOS_DEPLOYMENT_TARGET = 16.2;
				MTL_ENABLE_DEBUG_INFO = INCLUDE_SOURCE;
				MTL_FAST_MATH = YES;
				ONLY_ACTIVE_ARCH = YES;
				SDKROOT = iphoneos;
				SWIFT_ACTIVE_COMPILATION_CONDITIONS = DEBUG;
				SWIFT_OPTIMIZATION_LEVEL = "-Onone";
			};
			name = Debug;
		};
		257F6390297AAD8300B8EEF6 /* Release */ = {
			isa = XCBuildConfiguration;
			buildSettings = {
				ALWAYS_SEARCH_USER_PATHS = NO;
				CLANG_ANALYZER_NONNULL = YES;
				CLANG_ANALYZER_NUMBER_OBJECT_CONVERSION = YES_AGGRESSIVE;
				CLANG_CXX_LANGUAGE_STANDARD = "gnu++20";
				CLANG_ENABLE_MODULES = YES;
				CLANG_ENABLE_OBJC_ARC = YES;
				CLANG_ENABLE_OBJC_WEAK = YES;
				CLANG_WARN_BLOCK_CAPTURE_AUTORELEASING = YES;
				CLANG_WARN_BOOL_CONVERSION = YES;
				CLANG_WARN_COMMA = YES;
				CLANG_WARN_CONSTANT_CONVERSION = YES;
				CLANG_WARN_DEPRECATED_OBJC_IMPLEMENTATIONS = YES;
				CLANG_WARN_DIRECT_OBJC_ISA_USAGE = YES_ERROR;
				CLANG_WARN_DOCUMENTATION_COMMENTS = YES;
				CLANG_WARN_EMPTY_BODY = YES;
				CLANG_WARN_ENUM_CONVERSION = YES;
				CLANG_WARN_INFINITE_RECURSION = YES;
				CLANG_WARN_INT_CONVERSION = YES;
				CLANG_WARN_NON_LITERAL_NULL_CONVERSION = YES;
				CLANG_WARN_OBJC_IMPLICIT_RETAIN_SELF = YES;
				CLANG_WARN_OBJC_LITERAL_CONVERSION = YES;
				CLANG_WARN_OBJC_ROOT_CLASS = YES_ERROR;
				CLANG_WARN_QUOTED_INCLUDE_IN_FRAMEWORK_HEADER = YES;
				CLANG_WARN_RANGE_LOOP_ANALYSIS = YES;
				CLANG_WARN_STRICT_PROTOTYPES = YES;
				CLANG_WARN_SUSPICIOUS_MOVE = YES;
				CLANG_WARN_UNGUARDED_AVAILABILITY = YES_AGGRESSIVE;
				CLANG_WARN_UNREACHABLE_CODE = YES;
				CLANG_WARN__DUPLICATE_METHOD_MATCH = YES;
				COPY_PHASE_STRIP = NO;
				DEBUG_INFORMATION_FORMAT = "dwarf-with-dsym";
				ENABLE_NS_ASSERTIONS = NO;
				ENABLE_STRICT_OBJC_MSGSEND = YES;
				GCC_C_LANGUAGE_STANDARD = gnu11;
				GCC_NO_COMMON_BLOCKS = YES;
				GCC_WARN_64_TO_32_BIT_CONVERSION = YES;
				GCC_WARN_ABOUT_RETURN_TYPE = YES_ERROR;
				GCC_WARN_UNDECLARED_SELECTOR = YES;
				GCC_WARN_UNINITIALIZED_AUTOS = YES_AGGRESSIVE;
				GCC_WARN_UNUSED_FUNCTION = YES;
				GCC_WARN_UNUSED_VARIABLE = YES;
				IPHONEOS_DEPLOYMENT_TARGET = 16.2;
				MTL_ENABLE_DEBUG_INFO = NO;
				MTL_FAST_MATH = YES;
				SDKROOT = iphoneos;
				SWIFT_COMPILATION_MODE = wholemodule;
				SWIFT_OPTIMIZATION_LEVEL = "-O";
				VALIDATE_PRODUCT = YES;
			};
			name = Release;
		};
		257F6392297AAD8300B8EEF6 /* Debug */ = {
			isa = XCBuildConfiguration;
			buildSettings = {
				ASSETCATALOG_COMPILER_APPICON_NAME = AppIcon;
				ASSETCATALOG_COMPILER_GLOBAL_ACCENT_COLOR_NAME = AccentColor;
				CODE_SIGN_STYLE = Automatic;
				CURRENT_PROJECT_VERSION = 1;
				GENERATE_INFOPLIST_FILE = YES;
				INFOPLIST_FILE = "Saxlshi CountriesAPi/SupportingFiles/Info.plist";
				INFOPLIST_KEY_UIApplicationSupportsIndirectInputEvents = YES;
				INFOPLIST_KEY_UILaunchStoryboardName = LaunchScreen;
				INFOPLIST_KEY_UIMainStoryboardFile = Countries;
				INFOPLIST_KEY_UISupportedInterfaceOrientations_iPad = "UIInterfaceOrientationPortrait UIInterfaceOrientationPortraitUpsideDown UIInterfaceOrientationLandscapeLeft UIInterfaceOrientationLandscapeRight";
				INFOPLIST_KEY_UISupportedInterfaceOrientations_iPhone = "UIInterfaceOrientationPortrait UIInterfaceOrientationLandscapeLeft UIInterfaceOrientationLandscapeRight";
				LD_RUNPATH_SEARCH_PATHS = (
					"$(inherited)",
					"@executable_path/Frameworks",
				);
				MARKETING_VERSION = 1.0;
				PRODUCT_BUNDLE_IDENTIFIER = "gogina.Saxlshi-CountriesAPi";
				PRODUCT_NAME = "$(TARGET_NAME)";
				SWIFT_EMIT_LOC_STRINGS = YES;
				SWIFT_VERSION = 5.0;
				TARGETED_DEVICE_FAMILY = "1,2";
			};
			name = Debug;
		};
		257F6393297AAD8300B8EEF6 /* Release */ = {
			isa = XCBuildConfiguration;
			buildSettings = {
				ASSETCATALOG_COMPILER_APPICON_NAME = AppIcon;
				ASSETCATALOG_COMPILER_GLOBAL_ACCENT_COLOR_NAME = AccentColor;
				CODE_SIGN_STYLE = Automatic;
				CURRENT_PROJECT_VERSION = 1;
				GENERATE_INFOPLIST_FILE = YES;
				INFOPLIST_FILE = "Saxlshi CountriesAPi/SupportingFiles/Info.plist";
				INFOPLIST_KEY_UIApplicationSupportsIndirectInputEvents = YES;
				INFOPLIST_KEY_UILaunchStoryboardName = LaunchScreen;
				INFOPLIST_KEY_UIMainStoryboardFile = Countries;
				INFOPLIST_KEY_UISupportedInterfaceOrientations_iPad = "UIInterfaceOrientationPortrait UIInterfaceOrientationPortraitUpsideDown UIInterfaceOrientationLandscapeLeft UIInterfaceOrientationLandscapeRight";
				INFOPLIST_KEY_UISupportedInterfaceOrientations_iPhone = "UIInterfaceOrientationPortrait UIInterfaceOrientationLandscapeLeft UIInterfaceOrientationLandscapeRight";
				LD_RUNPATH_SEARCH_PATHS = (
					"$(inherited)",
					"@executable_path/Frameworks",
				);
				MARKETING_VERSION = 1.0;
				PRODUCT_BUNDLE_IDENTIFIER = "gogina.Saxlshi-CountriesAPi";
				PRODUCT_NAME = "$(TARGET_NAME)";
				SWIFT_EMIT_LOC_STRINGS = YES;
				SWIFT_VERSION = 5.0;
				TARGETED_DEVICE_FAMILY = "1,2";
			};
			name = Release;
		};
/* End XCBuildConfiguration section */

/* Begin XCConfigurationList section */
		257F6378297AAD7E00B8EEF6 /* Build configuration list for PBXProject "Saxlshi CountriesAPi" */ = {
			isa = XCConfigurationList;
			buildConfigurations = (
				257F638F297AAD8300B8EEF6 /* Debug */,
				257F6390297AAD8300B8EEF6 /* Release */,
			);
			defaultConfigurationIsVisible = 0;
			defaultConfigurationName = Release;
		};
		257F6391297AAD8300B8EEF6 /* Build configuration list for PBXNativeTarget "Saxlshi CountriesAPi" */ = {
			isa = XCConfigurationList;
			buildConfigurations = (
				257F6392297AAD8300B8EEF6 /* Debug */,
				257F6393297AAD8300B8EEF6 /* Release */,
			);
			defaultConfigurationIsVisible = 0;
			defaultConfigurationName = Release;
		};
/* End XCConfigurationList section */
	};
	rootObject = 257F6375297AAD7E00B8EEF6 /* Project object */;
}
